{
  "name": "apollo-client-mock",
  "version": "0.0.1",
  "lockfileVersion": 1,
  "requires": true,
  "dependencies": {
    "@types/async": {
      "version": "2.0.49",
      "resolved": "https://registry.npmjs.org/@types/async/-/async-2.0.49.tgz",
      "integrity": "sha512-Benr3i5odUkvpFkOpzGqrltGdbSs+EVCkEBGXbuR7uT0VzhXKIkhem6PDzHdx5EonA+rfbB3QvP6aDOw5+zp5Q==",
      "optional": true
    },
    "@types/graphql": {
      "version": "0.12.6",
      "resolved": "https://registry.npmjs.org/@types/graphql/-/graphql-0.12.6.tgz",
      "integrity": "sha512-wXAVyLfkG1UMkKOdMijVWFky39+OD/41KftzqfX1Oejd0Gm6dOIKjCihSVECg6X7PHjftxXmfOKA/d1H79ZfvQ=="
    },
    "@types/node": {
      "version": "9.6.14",
      "resolved": "https://registry.npmjs.org/@types/node/-/node-9.6.14.tgz",
      "integrity": "sha512-a0mGovBom+nXeDQkgS13AgHGpN+DLR+qTuRWZA7y9FTEiuTbDlXUwhz4+yShOobZGebmjBcl+tTEirTwBlA2LA=="
    },
    "@types/zen-observable": {
      "version": "0.5.3",
      "resolved": "https://registry.npmjs.org/@types/zen-observable/-/zen-observable-0.5.3.tgz",
      "integrity": "sha512-aDvGDAHcVfUqNmd8q4//cHAP+HGxsbChbBbuk3+kMVk5TTxfWLpQWvVN3+UPjohLnwMYN7jr6BWNn2cYNqdm7g=="
    },
    "apollo-cache": {
      "version": "1.1.8",
      "resolved": "https://registry.npmjs.org/apollo-cache/-/apollo-cache-1.1.8.tgz",
      "integrity": "sha512-w2dzVVxosPK+9HQUBJ/P0fQMdAslWr/a1NHPubtN/Guwe93/k56IV0jDcJedMxXWzICuuI/gjZSYNAdb91WNWw==",
      "requires": {
        "apollo-utilities": "1.0.12"
      }
    },
    "apollo-cache-inmemory": {
      "version": "1.2.1",
      "resolved": "https://registry.npmjs.org/apollo-cache-inmemory/-/apollo-cache-inmemory-1.2.1.tgz",
      "integrity": "sha512-WZ5EGmJqellVX+PPmq0QeqeQJiZCjjfmkp3x+MV3DRMwTzT2jeJYQAYGIzJuq8PjG4V0vljVJK/Ad93PHqzgdQ==",
      "requires": {
        "apollo-cache": "1.1.8",
        "apollo-utilities": "1.0.12",
        "graphql-anywhere": "4.1.10"
      }
    },
    "apollo-client": {
      "version": "2.3.1",
      "resolved": "https://registry.npmjs.org/apollo-client/-/apollo-client-2.3.1.tgz",
      "integrity": "sha512-f+692AEAY0XYUPAO4nuSOIAy7jgqNw94bXuvMvKmFYdMwJLRIr5gOPUXgOwCYwwVo+NqWF6cy20dkZ4gkCWZ+Q==",
      "requires": {
        "@types/async": "2.0.49",
        "@types/zen-observable": "0.5.3",
        "apollo-cache": "1.1.8",
        "apollo-link": "1.2.2",
        "apollo-link-dedup": "1.0.9",
        "apollo-utilities": "1.0.12",
        "symbol-observable": "1.2.0",
        "zen-observable": "0.8.8"
      }
    },
    "apollo-link": {
      "version": "1.2.2",
      "resolved": "https://registry.npmjs.org/apollo-link/-/apollo-link-1.2.2.tgz",
      "integrity": "sha512-Uk/BC09dm61DZRDSu52nGq0nFhq7mcBPTjy5EEH1eunJndtCaNXQhQz/BjkI2NdrfGI+B+i5he6YSoRBhYizdw==",
      "requires": {
        "@types/graphql": "0.12.6",
        "apollo-utilities": "1.0.12",
        "zen-observable-ts": "0.8.9"
      }
    },
    "apollo-link-dedup": {
      "version": "1.0.9",
      "resolved": "https://registry.npmjs.org/apollo-link-dedup/-/apollo-link-dedup-1.0.9.tgz",
      "integrity": "sha512-RbuEKpmSHVMtoREMPh2wUFTeh65q+0XPVeqgaOP/rGEAfvLyOMvX0vT2nVaejMohoMxuUnfZwpldXaDFWnlVbg==",
      "requires": {
        "apollo-link": "1.2.2"
      }
    },
    "apollo-utilities": {
      "version": "1.0.12",
      "resolved": "https://registry.npmjs.org/apollo-utilities/-/apollo-utilities-1.0.12.tgz",
      "integrity": "sha512-3mSen+NLouRwhmzCSHbMICfLBa6J+QJOc+M8zzLyo10jAYsOK+A2VgR63q4mcQJmAp8LumC5VAyah1zw6enMcg=="
    },
    "deprecated-decorator": {
      "version": "0.1.6",
      "resolved": "https://registry.npmjs.org/deprecated-decorator/-/deprecated-decorator-0.1.6.tgz",
      "integrity": "sha1-AJZjF7ehL+kvPMgx91g68ym4bDc="
    },
    "graphql": {
      "version": "0.13.2",
      "resolved": "https://registry.npmjs.org/graphql/-/graphql-0.13.2.tgz",
      "integrity": "sha512-QZ5BL8ZO/B20VA8APauGBg3GyEgZ19eduvpLWoq5x7gMmWnHoy8rlQWPLmWgFvo1yNgjSEFMesmS4R6pPr7xog==",
      "requires": {
        "iterall": "1.2.2"
      }
    },
    "graphql-anywhere": {
      "version": "4.1.10",
      "resolved": "https://registry.npmjs.org/graphql-anywhere/-/graphql-anywhere-4.1.10.tgz",
      "integrity": "sha512-ab1O4mOkjlk+17ye5a7DxUuWafKP8aoH+xmc6SsPNZlrQ7spbArqyLIf2JdbwpzsVLXOyRvQpD6tcc0GtnxBfw==",
      "requires": {
        "apollo-utilities": "1.0.12"
      }
    },
    "graphql-tools": {
      "version": "3.0.1",
      "resolved": "https://registry.npmjs.org/graphql-tools/-/graphql-tools-3.0.1.tgz",
      "integrity": "sha512-E7OjLQt+T/ASJTIyX7uX6EnUiTh7qpfg5O1E/sMTLnT0IHLNzTVy1oDsQP8gezTFnsAopjEBozhRDRLStG7D1Q==",
      "requires": {
        "apollo-link": "1.2.1",
        "apollo-utilities": "1.0.12",
        "deprecated-decorator": "0.1.6",
        "iterall": "1.2.2",
        "uuid": "3.2.1"
      },
      "dependencies": {
        "apollo-link": {
          "version": "1.2.1",
          "resolved": "https://registry.npmjs.org/apollo-link/-/apollo-link-1.2.1.tgz",
          "integrity": "sha512-6Ghf+j3cQLCIvjXd2dJrLw+16HZbWbwmB1qlTc41BviB2hv+rK1nJr17Y9dWK0UD4p3i9Hfddx3tthpMKrueHg==",
          "requires": {
            "@types/node": "9.6.14",
            "apollo-utilities": "1.0.12",
            "zen-observable-ts": "0.8.9"
          }
        }
      }
    },
    "iterall": {
      "version": "1.2.2",
      "resolved": "https://registry.npmjs.org/iterall/-/iterall-1.2.2.tgz",
      "integrity": "sha512-yynBb1g+RFUPY64fTrFv7nsjRrENBQJaX2UL+2Szc9REFrSNm1rpSXHGzhmAy7a9uv3vlvgBlXnf9RqmPH1/DA=="
    },
    "lodash": {
      "version": "4.17.10",
      "resolved": "https://registry.npmjs.org/lodash/-/lodash-4.17.10.tgz",
      "integrity": "sha512-UejweD1pDoXu+AD825lWwp4ZGtSwgnpZxb3JDViD7StjQz+Nb/6l093lx4OQ0foGWNRoc19mWy7BzL+UAK2iVg=="
    },
    "symbol-observable": {
      "version": "1.2.0",
      "resolved": "https://registry.npmjs.org/symbol-observable/-/symbol-observable-1.2.0.tgz",
      "integrity": "sha512-e900nM8RRtGhlV36KGEU9k65K3mPb1WV70OdjfxlG2EAuM1noi/E/BaW/uMhL7bPEssK8QV57vN3esixjUvcXQ=="
    },
    "uuid": {
      "version": "3.2.1",
      "resolved": "https://registry.npmjs.org/uuid/-/uuid-3.2.1.tgz",
      "integrity": "sha512-jZnMwlb9Iku/O3smGWvZhauCf6cvvpKi4BKRiliS3cxnI+Gz9j5MEpTz2UFuXiKPJocb7gnsLHwiS05ige5BEA=="
    },
    "zen-observable": {
      "version": "0.8.8",
      "resolved": "https://registry.npmjs.org/zen-observable/-/zen-observable-0.8.8.tgz",
      "integrity": "sha512-HnhhyNnwTFzS48nihkCZIJGsWGFcYUz+XPDlPK5W84Ifji8SksC6m7sQWOf8zdCGhzQ4tDYuMYGu5B0N1dXTtg=="
    },
    "zen-observable-ts": {
      "version": "0.8.9",
      "resolved": "https://registry.npmjs.org/zen-observable-ts/-/zen-observable-ts-0.8.9.tgz",
      "integrity": "sha512-KJz2O8FxbAdAU5CSc8qZ1K2WYEJb1HxS6XDRF+hOJ1rOYcg6eTMmS9xYHCXzqZZzKw6BbXWyF4UpwSsBQnHJeA==",
      "requires": {
        "zen-observable": "0.8.8"
      }
    }
  }
}
