# THIS IS AN AUTOGENERATED FILE. DO NOT EDIT THIS FILE DIRECTLY.
# yarn lockfile v1


"@types/async@2.0.49":
  version "2.0.49"
  resolved "https://registry.yarnpkg.com/@types/async/-/async-2.0.49.tgz#92e33d13f74c895cb9a7f38ba97db8431ed14bc0"

"@types/graphql@0.12.6":
  version "0.12.6"
  resolved "https://registry.yarnpkg.com/@types/graphql/-/graphql-0.12.6.tgz#3d619198585fcabe5f4e1adfb5cf5f3388c66c13"

"@types/node@^9.4.6":
  version "9.6.19"
  resolved "https://registry.yarnpkg.com/@types/node/-/node-9.6.19.tgz#696b4f12e60295c55ec8d202a534aef7765434fb"

"@types/zen-observable@^0.5.3":
  version "0.5.3"
  resolved "https://registry.yarnpkg.com/@types/zen-observable/-/zen-observable-0.5.3.tgz#91b728599544efbb7386d8b6633693a3c2e7ade5"

apollo-cache-inmemory@^1.2.1:
  version "1.2.2"
  resolved "https://registry.yarnpkg.com/apollo-cache-inmemory/-/apollo-cache-inmemory-1.2.2.tgz#051b1fec5b3cec1b348bd7ac9c713a72a0bba45b"
  dependencies:
    apollo-cache "^1.1.9"
    apollo-utilities "^1.0.13"
    graphql-anywhere "^4.1.11"

apollo-cache@^1.1.9:
  version "1.1.9"
  resolved "https://registry.yarnpkg.com/apollo-cache/-/apollo-cache-1.1.9.tgz#90426f25c43bc66ae02808af01194d78fd15ea40"
  dependencies:
    apollo-utilities "^1.0.13"

apollo-client@^2.3.1:
  version "2.3.2"
  resolved "https://registry.yarnpkg.com/apollo-client/-/apollo-client-2.3.2.tgz#0c4c06eba0aedc63d2d988f247a9310cb2152c2e"
  dependencies:
    "@types/zen-observable" "^0.5.3"
    apollo-cache "^1.1.9"
    apollo-link "^1.0.0"
    apollo-link-dedup "^1.0.0"
    apollo-utilities "^1.0.13"
    symbol-observable "^1.0.2"
    zen-observable "^0.8.0"
  optionalDependencies:
    "@types/async" "2.0.49"

apollo-link-dedup@^1.0.0:
  version "1.0.9"
  resolved "https://registry.yarnpkg.com/apollo-link-dedup/-/apollo-link-dedup-1.0.9.tgz#3c4e4af88ef027cbddfdb857c043fd0574051dad"
  dependencies:
    apollo-link "^1.2.2"

apollo-link-schema@^1.1.0:
  version "1.1.0"
  resolved "https://registry.yarnpkg.com/apollo-link-schema/-/apollo-link-schema-1.1.0.tgz#033fda26ffdbfc809d04892de554867f50e2af8e"
  dependencies:
    apollo-link "^1.2.2"

apollo-link@1.2.1:
  version "1.2.1"
  resolved "https://registry.yarnpkg.com/apollo-link/-/apollo-link-1.2.1.tgz#c120b16059f9bd93401b9f72b94d2f80f3f305d2"
  dependencies:
    "@types/node" "^9.4.6"
    apollo-utilities "^1.0.0"
    zen-observable-ts "^0.8.6"

apollo-link@^1.0.0, apollo-link@^1.2.2:
  version "1.2.2"
  resolved "https://registry.yarnpkg.com/apollo-link/-/apollo-link-1.2.2.tgz#54c84199b18ac1af8d63553a68ca389c05217a03"
  dependencies:
    "@types/graphql" "0.12.6"
    apollo-utilities "^1.0.0"
    zen-observable-ts "^0.8.9"

apollo-utilities@^1.0.0, apollo-utilities@^1.0.1, apollo-utilities@^1.0.13:
  version "1.0.13"
  resolved "https://registry.yarnpkg.com/apollo-utilities/-/apollo-utilities-1.0.13.tgz#793c858bb42243f7254d3c2961c64a7158e51022"

deprecated-decorator@^0.1.6:
  version "0.1.6"
  resolved "https://registry.yarnpkg.com/deprecated-decorator/-/deprecated-decorator-0.1.6.tgz#00966317b7a12fe92f3cc831f7583af329b86c37"

graphql-anywhere@^4.1.11:
  version "4.1.11"
  resolved "https://registry.yarnpkg.com/graphql-anywhere/-/graphql-anywhere-4.1.11.tgz#f91fa82e7e47275260957bb91f2fed5ecd508098"
  dependencies:
    apollo-utilities "^1.0.13"

graphql-tools@^3.0.1:
  version "3.0.2"
  resolved "https://registry.yarnpkg.com/graphql-tools/-/graphql-tools-3.0.2.tgz#fb79821c23b0f5d11d842c4d0c15000d856c6c8c"
  dependencies:
    apollo-link "1.2.1"
    apollo-utilities "^1.0.1"
    deprecated-decorator "^0.1.6"
    iterall "^1.1.3"
    uuid "^3.1.0"

graphql@^0.13.2:
  version "0.13.2"
  resolved "https://registry.yarnpkg.com/graphql/-/graphql-0.13.2.tgz#4c740ae3c222823e7004096f832e7b93b2108270"
  dependencies:
    iterall "^1.2.1"

iterall@^1.1.3, iterall@^1.2.1:
  version "1.2.2"
  resolved "https://registry.yarnpkg.com/iterall/-/iterall-1.2.2.tgz#92d70deb8028e0c39ff3164fdbf4d8b088130cd7"

lodash@^4.17.10:
  version "4.17.10"
  resolved "https://registry.yarnpkg.com/lodash/-/lodash-4.17.10.tgz#1b7793cf7259ea38fb3661d4d38b3260af8ae4e7"

symbol-observable@^1.0.2:
  version "1.2.0"
  resolved "https://registry.yarnpkg.com/symbol-observable/-/symbol-observable-1.2.0.tgz#c22688aed4eab3cdc2dfeacbb561660560a00804"

uuid@^3.1.0:
  version "3.2.1"
  resolved "https://registry.yarnpkg.com/uuid/-/uuid-3.2.1.tgz#12c528bb9d58d0b9265d9a2f6f0fe8be17ff1f14"

zen-observable-ts@^0.8.6, zen-observable-ts@^0.8.9:
  version "0.8.9"
  resolved "https://registry.yarnpkg.com/zen-observable-ts/-/zen-observable-ts-0.8.9.tgz#d3c97af08c0afdca37ebcadf7cc3ee96bda9bab1"
  dependencies:
    zen-observable "^0.8.0"

zen-observable@^0.8.0:
  version "0.8.8"
  resolved "https://registry.yarnpkg.com/zen-observable/-/zen-observable-0.8.8.tgz#1ea93995bf098754a58215a1e0a7309e5749ec42"
